// !$*UTF8*$!
{
	archiveVersion = 1;
	classes = {
	};
	objectVersion = 56;
	objects = {

/* Begin PBXBuildFile section */
		7B85C0B629AE41D5001D019B /* SwiftyBeaver in Frameworks */ = {isa = PBXBuildFile; productRef = 7B85C0B529AE41D5001D019B /* SwiftyBeaver */; };
		7B85C0B829AE4360001D019B /* BGLogger.swift in Sources */ = {isa = PBXBuildFile; fileRef = 7B85C0B729AE435F001D019B /* BGLogger.swift */; };
		7B85C0BB29AF63E1001D019B /* ContentViewModel.swift in Sources */ = {isa = PBXBuildFile; fileRef = 7B85C0BA29AF63E1001D019B /* ContentViewModel.swift */; };
		7B85C0BE29B0B188001D019B /* Swinject in Frameworks */ = {isa = PBXBuildFile; productRef = 7B85C0BD29B0B188001D019B /* Swinject */; };
		7B85C0C029B0B1FF001D019B /* Injection.swift in Sources */ = {isa = PBXBuildFile; fileRef = 7B85C0BF29B0B1FF001D019B /* Injection.swift */; };
		7B85C0C329B0C968001D019B /* Localizable.strings in Resources */ = {isa = PBXBuildFile; fileRef = 7B85C0C529B0C968001D019B /* Localizable.strings */; };
		7BBCE2C929ACE588004DFC31 /* BhagavadGitaApp.swift in Sources */ = {isa = PBXBuildFile; fileRef = 7BBCE2C829ACE588004DFC31 /* BhagavadGitaApp.swift */; };
		7BBCE2CB29ACE588004DFC31 /* ContentView.swift in Sources */ = {isa = PBXBuildFile; fileRef = 7BBCE2CA29ACE588004DFC31 /* ContentView.swift */; };
		7BBCE2CD29ACE58D004DFC31 /* Assets.xcassets in Resources */ = {isa = PBXBuildFile; fileRef = 7BBCE2CC29ACE58D004DFC31 /* Assets.xcassets */; };
		7BBCE2D029ACE58D004DFC31 /* Preview Assets.xcassets in Resources */ = {isa = PBXBuildFile; fileRef = 7BBCE2CF29ACE58D004DFC31 /* Preview Assets.xcassets */; };
		7BBCE2D229ACE58D004DFC31 /* Persistence.swift in Sources */ = {isa = PBXBuildFile; fileRef = 7BBCE2D129ACE58D004DFC31 /* Persistence.swift */; };
		7BBCE2D529ACE58D004DFC31 /* BhagavadGita.xcdatamodeld in Sources */ = {isa = PBXBuildFile; fileRef = 7BBCE2D329ACE58D004DFC31 /* BhagavadGita.xcdatamodeld */; };
		7BBCE2DF29ACE58E004DFC31 /* BhagavadGitaTests.swift in Sources */ = {isa = PBXBuildFile; fileRef = 7BBCE2DE29ACE58E004DFC31 /* BhagavadGitaTests.swift */; };
		7BBCE2E929ACE58E004DFC31 /* BhagavadGitaUITests.swift in Sources */ = {isa = PBXBuildFile; fileRef = 7BBCE2E829ACE58E004DFC31 /* BhagavadGitaUITests.swift */; };
		7BBCE2EB29ACE58E004DFC31 /* BhagavadGitaUITestsLaunchTests.swift in Sources */ = {isa = PBXBuildFile; fileRef = 7BBCE2EA29ACE58E004DFC31 /* BhagavadGitaUITestsLaunchTests.swift */; };
		7BBCE2F929AE2F66004DFC31 /* BGUtility in Frameworks */ = {isa = PBXBuildFile; productRef = 7BBCE2F829AE2F66004DFC31 /* BGUtility */; };
		7BD68D0929B606AC008E3635 /* Strings+Generated.swift in Sources */ = {isa = PBXBuildFile; fileRef = 7BD68D0829B606AC008E3635 /* Strings+Generated.swift */; };
		7BD68DAC29BB25A9008E3635 /* Dev.xcconfig in Resources */ = {isa = PBXBuildFile; fileRef = 7BD68DAB29BB25A9008E3635 /* Dev.xcconfig */; };
		7BD68DAF29BB2665008E3635 /* PROD.xcconfig in Resources */ = {isa = PBXBuildFile; fileRef = 7BD68DAE29BB2665008E3635 /* PROD.xcconfig */; };
		7BD68DB029BB266A008E3635 /* QA.xcconfig in Resources */ = {isa = PBXBuildFile; fileRef = 7BD68DAD29BB25F5008E3635 /* QA.xcconfig */; };
		7BD68DB329BB2DAA008E3635 /* ConfigurationManager.swift in Sources */ = {isa = PBXBuildFile; fileRef = 7BD68DB229BB2DAA008E3635 /* ConfigurationManager.swift */; };
/* End PBXBuildFile section */

/* Begin PBXContainerItemProxy section */
		7BBCE2DB29ACE58E004DFC31 /* PBXContainerItemProxy */ = {
			isa = PBXContainerItemProxy;
			containerPortal = 7BBCE2BD29ACE588004DFC31 /* Project object */;
			proxyType = 1;
			remoteGlobalIDString = 7BBCE2C429ACE588004DFC31;
			remoteInfo = BhagavadGita;
		};
		7BBCE2E529ACE58E004DFC31 /* PBXContainerItemProxy */ = {
			isa = PBXContainerItemProxy;
			containerPortal = 7BBCE2BD29ACE588004DFC31 /* Project object */;
			proxyType = 1;
			remoteGlobalIDString = 7BBCE2C429ACE588004DFC31;
			remoteInfo = BhagavadGita;
		};
/* End PBXContainerItemProxy section */

/* Begin PBXFileReference section */
		7B10ADED29C724790002D83E /* GoogleService-Info.plist */ = {isa = PBXFileReference; lastKnownFileType = text.plist.xml; path = "GoogleService-Info.plist"; sourceTree = "<group>"; };
		7B10ADEF29C724790002D83E /* GoogleService-Info.plist */ = {isa = PBXFileReference; lastKnownFileType = text.plist.xml; path = "GoogleService-Info.plist"; sourceTree = "<group>"; };
		7B10ADF129C724790002D83E /* GoogleService-Info.plist */ = {isa = PBXFileReference; lastKnownFileType = text.plist.xml; path = "GoogleService-Info.plist"; sourceTree = "<group>"; };
		7B85C0B729AE435F001D019B /* BGLogger.swift */ = {isa = PBXFileReference; lastKnownFileType = sourcecode.swift; path = BGLogger.swift; sourceTree = "<group>"; };
		7B85C0BA29AF63E1001D019B /* ContentViewModel.swift */ = {isa = PBXFileReference; lastKnownFileType = sourcecode.swift; path = ContentViewModel.swift; sourceTree = "<group>"; };
		7B85C0BF29B0B1FF001D019B /* Injection.swift */ = {isa = PBXFileReference; lastKnownFileType = sourcecode.swift; path = Injection.swift; sourceTree = "<group>"; };
		7B85C0C429B0C968001D019B /* en */ = {isa = PBXFileReference; lastKnownFileType = text.plist.strings; name = en; path = en.lproj/Localizable.strings; sourceTree = "<group>"; };
		7B85C0C629B0C96D001D019B /* ja */ = {isa = PBXFileReference; lastKnownFileType = text.plist.strings; name = ja; path = ja.lproj/Localizable.strings; sourceTree = "<group>"; };
		7BBCE2C529ACE588004DFC31 /* BhagavadGita.app */ = {isa = PBXFileReference; explicitFileType = wrapper.application; includeInIndex = 0; path = BhagavadGita.app; sourceTree = BUILT_PRODUCTS_DIR; };
		7BBCE2C829ACE588004DFC31 /* BhagavadGitaApp.swift */ = {isa = PBXFileReference; lastKnownFileType = sourcecode.swift; path = BhagavadGitaApp.swift; sourceTree = "<group>"; };
		7BBCE2CA29ACE588004DFC31 /* ContentView.swift */ = {isa = PBXFileReference; lastKnownFileType = sourcecode.swift; path = ContentView.swift; sourceTree = "<group>"; };
		7BBCE2CC29ACE58D004DFC31 /* Assets.xcassets */ = {isa = PBXFileReference; lastKnownFileType = folder.assetcatalog; path = Assets.xcassets; sourceTree = "<group>"; };
		7BBCE2CF29ACE58D004DFC31 /* Preview Assets.xcassets */ = {isa = PBXFileReference; lastKnownFileType = folder.assetcatalog; path = "Preview Assets.xcassets"; sourceTree = "<group>"; };
		7BBCE2D129ACE58D004DFC31 /* Persistence.swift */ = {isa = PBXFileReference; lastKnownFileType = sourcecode.swift; path = Persistence.swift; sourceTree = "<group>"; };
		7BBCE2D429ACE58D004DFC31 /* BhagavadGita.xcdatamodel */ = {isa = PBXFileReference; lastKnownFileType = wrapper.xcdatamodel; path = BhagavadGita.xcdatamodel; sourceTree = "<group>"; };
		7BBCE2DA29ACE58E004DFC31 /* BhagavadGitaTests.xctest */ = {isa = PBXFileReference; explicitFileType = wrapper.cfbundle; includeInIndex = 0; path = BhagavadGitaTests.xctest; sourceTree = BUILT_PRODUCTS_DIR; };
		7BBCE2DE29ACE58E004DFC31 /* BhagavadGitaTests.swift */ = {isa = PBXFileReference; lastKnownFileType = sourcecode.swift; path = BhagavadGitaTests.swift; sourceTree = "<group>"; };
		7BBCE2E429ACE58E004DFC31 /* BhagavadGitaUITests.xctest */ = {isa = PBXFileReference; explicitFileType = wrapper.cfbundle; includeInIndex = 0; path = BhagavadGitaUITests.xctest; sourceTree = BUILT_PRODUCTS_DIR; };
		7BBCE2E829ACE58E004DFC31 /* BhagavadGitaUITests.swift */ = {isa = PBXFileReference; lastKnownFileType = sourcecode.swift; path = BhagavadGitaUITests.swift; sourceTree = "<group>"; };
		7BBCE2EA29ACE58E004DFC31 /* BhagavadGitaUITestsLaunchTests.swift */ = {isa = PBXFileReference; lastKnownFileType = sourcecode.swift; path = BhagavadGitaUITestsLaunchTests.swift; sourceTree = "<group>"; };
		7BD68D0829B606AC008E3635 /* Strings+Generated.swift */ = {isa = PBXFileReference; fileEncoding = 4; lastKnownFileType = sourcecode.swift; path = "Strings+Generated.swift"; sourceTree = SOURCE_ROOT; };
		7BD68DAB29BB25A9008E3635 /* Dev.xcconfig */ = {isa = PBXFileReference; lastKnownFileType = text.xcconfig; path = Dev.xcconfig; sourceTree = "<group>"; };
		7BD68DAD29BB25F5008E3635 /* QA.xcconfig */ = {isa = PBXFileReference; lastKnownFileType = text.xcconfig; path = QA.xcconfig; sourceTree = "<group>"; };
		7BD68DAE29BB2665008E3635 /* PROD.xcconfig */ = {isa = PBXFileReference; lastKnownFileType = text.xcconfig; path = PROD.xcconfig; sourceTree = "<group>"; };
		7BD68DB129BB2BBD008E3635 /* Info.plist */ = {isa = PBXFileReference; lastKnownFileType = text.plist; path = Info.plist; sourceTree = "<group>"; };
		7BD68DB229BB2DAA008E3635 /* ConfigurationManager.swift */ = {isa = PBXFileReference; lastKnownFileType = sourcecode.swift; path = ConfigurationManager.swift; sourceTree = "<group>"; };
/* End PBXFileReference section */

/* Begin PBXFrameworksBuildPhase section */
		7BBCE2C229ACE588004DFC31 /* Frameworks */ = {
			isa = PBXFrameworksBuildPhase;
			buildActionMask = 2147483647;
			files = (
				7BBCE2F929AE2F66004DFC31 /* BGUtility in Frameworks */,
				7B85C0B629AE41D5001D019B /* SwiftyBeaver in Frameworks */,
				7B85C0BE29B0B188001D019B /* Swinject in Frameworks */,
			);
			runOnlyForDeploymentPostprocessing = 0;
		};
		7BBCE2D729ACE58E004DFC31 /* Frameworks */ = {
			isa = PBXFrameworksBuildPhase;
			buildActionMask = 2147483647;
			files = (
			);
			runOnlyForDeploymentPostprocessing = 0;
		};
		7BBCE2E129ACE58E004DFC31 /* Frameworks */ = {
			isa = PBXFrameworksBuildPhase;
			buildActionMask = 2147483647;
			files = (
			);
			runOnlyForDeploymentPostprocessing = 0;
		};
/* End PBXFrameworksBuildPhase section */

/* Begin PBXGroup section */
		7B10ADEB29C724790002D83E /* Firebase */ = {
			isa = PBXGroup;
			children = (
				7B10ADEC29C724790002D83E /* Prod */,
				7B10ADEE29C724790002D83E /* Qa */,
				7B10ADF029C724790002D83E /* Dev */,
			);
			name = Firebase;
			path = BhagavadGita/Firebase;
			sourceTree = "<group>";
		};
		7B10ADEC29C724790002D83E /* Prod */ = {
			isa = PBXGroup;
			children = (
				7B10ADED29C724790002D83E /* GoogleService-Info.plist */,
			);
			path = Prod;
			sourceTree = "<group>";
		};
		7B10ADEE29C724790002D83E /* Qa */ = {
			isa = PBXGroup;
			children = (
				7B10ADEF29C724790002D83E /* GoogleService-Info.plist */,
			);
			path = Qa;
			sourceTree = "<group>";
		};
		7B10ADF029C724790002D83E /* Dev */ = {
			isa = PBXGroup;
			children = (
				7B10ADF129C724790002D83E /* GoogleService-Info.plist */,
			);
			path = Dev;
			sourceTree = "<group>";
		};
		7BBCE2BC29ACE588004DFC31 = {
			isa = PBXGroup;
			children = (
				7B10ADEB29C724790002D83E /* Firebase */,
				7BBCE2C729ACE588004DFC31 /* BhagavadGita */,
				7BBCE2DD29ACE58E004DFC31 /* BhagavadGitaTests */,
				7BBCE2E729ACE58E004DFC31 /* BhagavadGitaUITests */,
				7BBCE2C629ACE588004DFC31 /* Products */,
			);
			sourceTree = "<group>";
		};
		7BBCE2C629ACE588004DFC31 /* Products */ = {
			isa = PBXGroup;
			children = (
				7BBCE2C529ACE588004DFC31 /* BhagavadGita.app */,
				7BBCE2DA29ACE58E004DFC31 /* BhagavadGitaTests.xctest */,
				7BBCE2E429ACE58E004DFC31 /* BhagavadGitaUITests.xctest */,
			);
			name = Products;
			sourceTree = "<group>";
		};
		7BBCE2C729ACE588004DFC31 /* BhagavadGita */ = {
			isa = PBXGroup;
			children = (
				7BD68DB129BB2BBD008E3635 /* Info.plist */,
				7BD68DAA29BB237B008E3635 /* Configuration */,
				7BD68D0829B606AC008E3635 /* Strings+Generated.swift */,
				7BBCE2C829ACE588004DFC31 /* BhagavadGitaApp.swift */,
				7BBCE2CA29ACE588004DFC31 /* ContentView.swift */,
				7BBCE2CC29ACE58D004DFC31 /* Assets.xcassets */,
				7BBCE2D129ACE58D004DFC31 /* Persistence.swift */,
				7BBCE2D329ACE58D004DFC31 /* BhagavadGita.xcdatamodeld */,
				7BBCE2CE29ACE58D004DFC31 /* Preview Content */,
				7B85C0B729AE435F001D019B /* BGLogger.swift */,
				7B85C0BA29AF63E1001D019B /* ContentViewModel.swift */,
				7B85C0BF29B0B1FF001D019B /* Injection.swift */,
				7B85C0C529B0C968001D019B /* Localizable.strings */,
			);
			path = BhagavadGita;
			sourceTree = "<group>";
		};
		7BBCE2CE29ACE58D004DFC31 /* Preview Content */ = {
			isa = PBXGroup;
			children = (
				7BBCE2CF29ACE58D004DFC31 /* Preview Assets.xcassets */,
			);
			path = "Preview Content";
			sourceTree = "<group>";
		};
		7BBCE2DD29ACE58E004DFC31 /* BhagavadGitaTests */ = {
			isa = PBXGroup;
			children = (
				7BBCE2DE29ACE58E004DFC31 /* BhagavadGitaTests.swift */,
			);
			path = BhagavadGitaTests;
			sourceTree = "<group>";
		};
		7BBCE2E729ACE58E004DFC31 /* BhagavadGitaUITests */ = {
			isa = PBXGroup;
			children = (
				7BBCE2E829ACE58E004DFC31 /* BhagavadGitaUITests.swift */,
				7BBCE2EA29ACE58E004DFC31 /* BhagavadGitaUITestsLaunchTests.swift */,
			);
			path = BhagavadGitaUITests;
			sourceTree = "<group>";
		};
		7BD68DAA29BB237B008E3635 /* Configuration */ = {
			isa = PBXGroup;
			children = (
				7BD68DAB29BB25A9008E3635 /* Dev.xcconfig */,
				7BD68DAD29BB25F5008E3635 /* QA.xcconfig */,
				7BD68DAE29BB2665008E3635 /* PROD.xcconfig */,
				7BD68DB229BB2DAA008E3635 /* ConfigurationManager.swift */,
			);
			path = Configuration;
			sourceTree = "<group>";
		};
/* End PBXGroup section */

/* Begin PBXNativeTarget section */
		7BBCE2C429ACE588004DFC31 /* BhagavadGita */ = {
			isa = PBXNativeTarget;
			buildConfigurationList = 7BBCE2EE29ACE58E004DFC31 /* Build configuration list for PBXNativeTarget "BhagavadGita" */;
			buildPhases = (
				7BD68D0B29B6129E008E3635 /* SwiftFormat */,
				7BD68D0A29B60A44008E3635 /* SwiftGen */,
				7B85C0B329AE387A001D019B /* SwiftLint */,
				7BBCE2C129ACE588004DFC31 /* Sources */,
				7BBCE2C229ACE588004DFC31 /* Frameworks */,
				7BBCE2C329ACE588004DFC31 /* Resources */,
			);
			buildRules = (
			);
			dependencies = (
			);
			name = BhagavadGita;
			packageProductDependencies = (
				7BBCE2F829AE2F66004DFC31 /* BGUtility */,
				7B85C0B529AE41D5001D019B /* SwiftyBeaver */,
				7B85C0BD29B0B188001D019B /* Swinject */,
			);
			productName = BhagavadGita;
			productReference = 7BBCE2C529ACE588004DFC31 /* BhagavadGita.app */;
			productType = "com.apple.product-type.application";
		};
		7BBCE2D929ACE58E004DFC31 /* BhagavadGitaTests */ = {
			isa = PBXNativeTarget;
			buildConfigurationList = 7BBCE2F129ACE58E004DFC31 /* Build configuration list for PBXNativeTarget "BhagavadGitaTests" */;
			buildPhases = (
				7BBCE2D629ACE58E004DFC31 /* Sources */,
				7BBCE2D729ACE58E004DFC31 /* Frameworks */,
				7BBCE2D829ACE58E004DFC31 /* Resources */,
			);
			buildRules = (
			);
			dependencies = (
				7BBCE2DC29ACE58E004DFC31 /* PBXTargetDependency */,
			);
			name = BhagavadGitaTests;
			productName = BhagavadGitaTests;
			productReference = 7BBCE2DA29ACE58E004DFC31 /* BhagavadGitaTests.xctest */;
			productType = "com.apple.product-type.bundle.unit-test";
		};
		7BBCE2E329ACE58E004DFC31 /* BhagavadGitaUITests */ = {
			isa = PBXNativeTarget;
			buildConfigurationList = 7BBCE2F429ACE58E004DFC31 /* Build configuration list for PBXNativeTarget "BhagavadGitaUITests" */;
			buildPhases = (
				7BBCE2E029ACE58E004DFC31 /* Sources */,
				7BBCE2E129ACE58E004DFC31 /* Frameworks */,
				7BBCE2E229ACE58E004DFC31 /* Resources */,
			);
			buildRules = (
			);
			dependencies = (
				7BBCE2E629ACE58E004DFC31 /* PBXTargetDependency */,
			);
			name = BhagavadGitaUITests;
			productName = BhagavadGitaUITests;
			productReference = 7BBCE2E429ACE58E004DFC31 /* BhagavadGitaUITests.xctest */;
			productType = "com.apple.product-type.bundle.ui-testing";
		};
/* End PBXNativeTarget section */

/* Begin PBXProject section */
		7BBCE2BD29ACE588004DFC31 /* Project object */ = {
			isa = PBXProject;
			attributes = {
				BuildIndependentTargetsInParallel = 1;
				LastSwiftUpdateCheck = 1420;
				LastUpgradeCheck = 1420;
				TargetAttributes = {
					7BBCE2C429ACE588004DFC31 = {
						CreatedOnToolsVersion = 14.2;
					};
					7BBCE2D929ACE58E004DFC31 = {
						CreatedOnToolsVersion = 14.2;
						TestTargetID = 7BBCE2C429ACE588004DFC31;
					};
					7BBCE2E329ACE58E004DFC31 = {
						CreatedOnToolsVersion = 14.2;
						TestTargetID = 7BBCE2C429ACE588004DFC31;
					};
				};
			};
			buildConfigurationList = 7BBCE2C029ACE588004DFC31 /* Build configuration list for PBXProject "BhagavadGita" */;
			compatibilityVersion = "Xcode 14.0";
			developmentRegion = en;
			hasScannedForEncodings = 0;
			knownRegions = (
				en,
				Base,
				ja,
			);
			mainGroup = 7BBCE2BC29ACE588004DFC31;
			packageReferences = (
				7BBCE2F729AE2F66004DFC31 /* XCRemoteSwiftPackageReference "BGUtility" */,
				7B85C0B429AE41D4001D019B /* XCRemoteSwiftPackageReference "SwiftyBeaver" */,
				7B85C0BC29B0B188001D019B /* XCRemoteSwiftPackageReference "Swinject" */,
			);
			productRefGroup = 7BBCE2C629ACE588004DFC31 /* Products */;
			projectDirPath = "";
			projectRoot = "";
			targets = (
				7BBCE2C429ACE588004DFC31 /* BhagavadGita */,
				7BBCE2D929ACE58E004DFC31 /* BhagavadGitaTests */,
				7BBCE2E329ACE58E004DFC31 /* BhagavadGitaUITests */,
			);
		};
/* End PBXProject section */

/* Begin PBXResourcesBuildPhase section */
		7BBCE2C329ACE588004DFC31 /* Resources */ = {
			isa = PBXResourcesBuildPhase;
			buildActionMask = 2147483647;
			files = (
				7BBCE2D029ACE58D004DFC31 /* Preview Assets.xcassets in Resources */,
				7BD68DAC29BB25A9008E3635 /* Dev.xcconfig in Resources */,
				7B85C0C329B0C968001D019B /* Localizable.strings in Resources */,
				7BD68DAF29BB2665008E3635 /* PROD.xcconfig in Resources */,
				7BD68DB029BB266A008E3635 /* QA.xcconfig in Resources */,
				7BBCE2CD29ACE58D004DFC31 /* Assets.xcassets in Resources */,
			);
			runOnlyForDeploymentPostprocessing = 0;
		};
		7BBCE2D829ACE58E004DFC31 /* Resources */ = {
			isa = PBXResourcesBuildPhase;
			buildActionMask = 2147483647;
			files = (
			);
			runOnlyForDeploymentPostprocessing = 0;
		};
		7BBCE2E229ACE58E004DFC31 /* Resources */ = {
			isa = PBXResourcesBuildPhase;
			buildActionMask = 2147483647;
			files = (
			);
			runOnlyForDeploymentPostprocessing = 0;
		};
/* End PBXResourcesBuildPhase section */

/* Begin PBXShellScriptBuildPhase section */
		7B85C0B329AE387A001D019B /* SwiftLint */ = {
			isa = PBXShellScriptBuildPhase;
			buildActionMask = 2147483647;
			files = (
			);
			inputFileListPaths = (
			);
			inputPaths = (
			);
			name = SwiftLint;
			outputFileListPaths = (
			);
			outputPaths = (
			);
			runOnlyForDeploymentPostprocessing = 0;
			shellPath = /bin/sh;
			shellScript = "export PATH=\"$PATH:/opt/homebrew/bin\"\nif which swiftlint > /dev/null; then\n  swiftlint\nelse\n  echo \"warning: SwiftLint not installed, download from https://github.com/realm/SwiftLint\"\nfi\n";
		};
		7BD68D0A29B60A44008E3635 /* SwiftGen */ = {
			isa = PBXShellScriptBuildPhase;
			buildActionMask = 2147483647;
			files = (
			);
			inputFileListPaths = (
			);
			inputPaths = (
			);
			name = SwiftGen;
			outputFileListPaths = (
			);
			outputPaths = (
			);
			runOnlyForDeploymentPostprocessing = 0;
			shellPath = /bin/sh;
			shellScript = "if which swiftgen >/dev/null; then\n  swiftgen\nelse\n  echo \"warning: SwiftGen not installed, download it from https://github.com/SwiftGen/SwiftGen\"\nfi\n";
		};
		7BD68D0B29B6129E008E3635 /* SwiftFormat */ = {
			isa = PBXShellScriptBuildPhase;
			buildActionMask = 2147483647;
			files = (
			);
			inputFileListPaths = (
			);
			inputPaths = (
			);
			name = SwiftFormat;
			outputFileListPaths = (
			);
			outputPaths = (
			);
			runOnlyForDeploymentPostprocessing = 0;
			shellPath = /bin/sh;
			shellScript = "if which swiftformat >/dev/null; then\n  swiftformat .\nelse\n  echo \"warning: SwiftFormat not installed, download from https://github.com/nicklockwood/SwiftFormat\"\nfi\n";
		};
/* End PBXShellScriptBuildPhase section */

/* Begin PBXSourcesBuildPhase section */
		7BBCE2C129ACE588004DFC31 /* Sources */ = {
			isa = PBXSourcesBuildPhase;
			buildActionMask = 2147483647;
			files = (
				7B85C0C029B0B1FF001D019B /* Injection.swift in Sources */,
				7BBCE2D529ACE58D004DFC31 /* BhagavadGita.xcdatamodeld in Sources */,
				7BD68DB329BB2DAA008E3635 /* ConfigurationManager.swift in Sources */,
				7BBCE2D229ACE58D004DFC31 /* Persistence.swift in Sources */,
				7B85C0BB29AF63E1001D019B /* ContentViewModel.swift in Sources */,
				7B85C0B829AE4360001D019B /* BGLogger.swift in Sources */,
				7BBCE2CB29ACE588004DFC31 /* ContentView.swift in Sources */,
				7BD68D0929B606AC008E3635 /* Strings+Generated.swift in Sources */,
				7BBCE2C929ACE588004DFC31 /* BhagavadGitaApp.swift in Sources */,
			);
			runOnlyForDeploymentPostprocessing = 0;
		};
		7BBCE2D629ACE58E004DFC31 /* Sources */ = {
			isa = PBXSourcesBuildPhase;
			buildActionMask = 2147483647;
			files = (
				7BBCE2DF29ACE58E004DFC31 /* BhagavadGitaTests.swift in Sources */,
			);
			runOnlyForDeploymentPostprocessing = 0;
		};
		7BBCE2E029ACE58E004DFC31 /* Sources */ = {
			isa = PBXSourcesBuildPhase;
			buildActionMask = 2147483647;
			files = (
				7BBCE2E929ACE58E004DFC31 /* BhagavadGitaUITests.swift in Sources */,
				7BBCE2EB29ACE58E004DFC31 /* BhagavadGitaUITestsLaunchTests.swift in Sources */,
			);
			runOnlyForDeploymentPostprocessing = 0;
		};
/* End PBXSourcesBuildPhase section */

/* Begin PBXTargetDependency section */
		7BBCE2DC29ACE58E004DFC31 /* PBXTargetDependency */ = {
			isa = PBXTargetDependency;
			target = 7BBCE2C429ACE588004DFC31 /* BhagavadGita */;
			targetProxy = 7BBCE2DB29ACE58E004DFC31 /* PBXContainerItemProxy */;
		};
		7BBCE2E629ACE58E004DFC31 /* PBXTargetDependency */ = {
			isa = PBXTargetDependency;
			target = 7BBCE2C429ACE588004DFC31 /* BhagavadGita */;
			targetProxy = 7BBCE2E529ACE58E004DFC31 /* PBXContainerItemProxy */;
		};
/* End PBXTargetDependency section */

/* Begin PBXVariantGroup section */
		7B85C0C529B0C968001D019B /* Localizable.strings */ = {
			isa = PBXVariantGroup;
			children = (
				7B85C0C429B0C968001D019B /* en */,
				7B85C0C629B0C96D001D019B /* ja */,
			);
			name = Localizable.strings;
			sourceTree = "<group>";
		};
/* End PBXVariantGroup section */

/* Begin XCBuildConfiguration section */
		7BBCE2EC29ACE58E004DFC31 /* Debug Dev */ = {
			isa = XCBuildConfiguration;
			buildSettings = {
				ALWAYS_SEARCH_USER_PATHS = NO;
				CLANG_ANALYZER_NONNULL = YES;
				CLANG_ANALYZER_NUMBER_OBJECT_CONVERSION = YES_AGGRESSIVE;
				CLANG_CXX_LANGUAGE_STANDARD = "gnu++20";
				CLANG_ENABLE_MODULES = YES;
				CLANG_ENABLE_OBJC_ARC = YES;
				CLANG_ENABLE_OBJC_WEAK = YES;
				CLANG_WARN_BLOCK_CAPTURE_AUTORELEASING = YES;
				CLANG_WARN_BOOL_CONVERSION = YES;
				CLANG_WARN_COMMA = YES;
				CLANG_WARN_CONSTANT_CONVERSION = YES;
				CLANG_WARN_DEPRECATED_OBJC_IMPLEMENTATIONS = YES;
				CLANG_WARN_DIRECT_OBJC_ISA_USAGE = YES_ERROR;
				CLANG_WARN_DOCUMENTATION_COMMENTS = YES;
				CLANG_WARN_EMPTY_BODY = YES;
				CLANG_WARN_ENUM_CONVERSION = YES;
				CLANG_WARN_INFINITE_RECURSION = YES;
				CLANG_WARN_INT_CONVERSION = YES;
				CLANG_WARN_NON_LITERAL_NULL_CONVERSION = YES;
				CLANG_WARN_OBJC_IMPLICIT_RETAIN_SELF = YES;
				CLANG_WARN_OBJC_LITERAL_CONVERSION = YES;
				CLANG_WARN_OBJC_ROOT_CLASS = YES_ERROR;
				CLANG_WARN_QUOTED_INCLUDE_IN_FRAMEWORK_HEADER = YES;
				CLANG_WARN_RANGE_LOOP_ANALYSIS = YES;
				CLANG_WARN_STRICT_PROTOTYPES = YES;
				CLANG_WARN_SUSPICIOUS_MOVE = YES;
				CLANG_WARN_UNGUARDED_AVAILABILITY = YES_AGGRESSIVE;
				CLANG_WARN_UNREACHABLE_CODE = YES;
				CLANG_WARN__DUPLICATE_METHOD_MATCH = YES;
				COPY_PHASE_STRIP = NO;
				DEBUG_INFORMATION_FORMAT = dwarf;
				ENABLE_STRICT_OBJC_MSGSEND = YES;
				ENABLE_TESTABILITY = YES;
				GCC_C_LANGUAGE_STANDARD = gnu11;
				GCC_DYNAMIC_NO_PIC = NO;
				GCC_NO_COMMON_BLOCKS = YES;
				GCC_OPTIMIZATION_LEVEL = 0;
				GCC_PREPROCESSOR_DEFINITIONS = (
					"DEBUG=1",
					"$(inherited)",
				);
				GCC_WARN_64_TO_32_BIT_CONVERSION = YES;
				GCC_WARN_ABOUT_RETURN_TYPE = YES_ERROR;
				GCC_WARN_UNDECLARED_SELECTOR = YES;
				GCC_WARN_UNINITIALIZED_AUTOS = YES_AGGRESSIVE;
				GCC_WARN_UNUSED_FUNCTION = YES;
				GCC_WARN_UNUSED_VARIABLE = YES;
				IPHONEOS_DEPLOYMENT_TARGET = 16.2;
				MTL_ENABLE_DEBUG_INFO = INCLUDE_SOURCE;
				MTL_FAST_MATH = YES;
				ONLY_ACTIVE_ARCH = YES;
				SDKROOT = iphoneos;
				SWIFT_ACTIVE_COMPILATION_CONDITIONS = DEBUG;
				SWIFT_OPTIMIZATION_LEVEL = "-Onone";
			};
			name = "Debug Dev";
		};
		7BBCE2ED29ACE58E004DFC31 /* Release Dev */ = {
			isa = XCBuildConfiguration;
			buildSettings = {
				ALWAYS_SEARCH_USER_PATHS = NO;
				CLANG_ANALYZER_NONNULL = YES;
				CLANG_ANALYZER_NUMBER_OBJECT_CONVERSION = YES_AGGRESSIVE;
				CLANG_CXX_LANGUAGE_STANDARD = "gnu++20";
				CLANG_ENABLE_MODULES = YES;
				CLANG_ENABLE_OBJC_ARC = YES;
				CLANG_ENABLE_OBJC_WEAK = YES;
				CLANG_WARN_BLOCK_CAPTURE_AUTORELEASING = YES;
				CLANG_WARN_BOOL_CONVERSION = YES;
				CLANG_WARN_COMMA = YES;
				CLANG_WARN_CONSTANT_CONVERSION = YES;
				CLANG_WARN_DEPRECATED_OBJC_IMPLEMENTATIONS = YES;
				CLANG_WARN_DIRECT_OBJC_ISA_USAGE = YES_ERROR;
				CLANG_WARN_DOCUMENTATION_COMMENTS = YES;
				CLANG_WARN_EMPTY_BODY = YES;
				CLANG_WARN_ENUM_CONVERSION = YES;
				CLANG_WARN_INFINITE_RECURSION = YES;
				CLANG_WARN_INT_CONVERSION = YES;
				CLANG_WARN_NON_LITERAL_NULL_CONVERSION = YES;
				CLANG_WARN_OBJC_IMPLICIT_RETAIN_SELF = YES;
				CLANG_WARN_OBJC_LITERAL_CONVERSION = YES;
				CLANG_WARN_OBJC_ROOT_CLASS = YES_ERROR;
				CLANG_WARN_QUOTED_INCLUDE_IN_FRAMEWORK_HEADER = YES;
				CLANG_WARN_RANGE_LOOP_ANALYSIS = YES;
				CLANG_WARN_STRICT_PROTOTYPES = YES;
				CLANG_WARN_SUSPICIOUS_MOVE = YES;
				CLANG_WARN_UNGUARDED_AVAILABILITY = YES_AGGRESSIVE;
				CLANG_WARN_UNREACHABLE_CODE = YES;
				CLANG_WARN__DUPLICATE_METHOD_MATCH = YES;
				COPY_PHASE_STRIP = NO;
				DEBUG_INFORMATION_FORMAT = "dwarf-with-dsym";
				ENABLE_NS_ASSERTIONS = NO;
				ENABLE_STRICT_OBJC_MSGSEND = YES;
				GCC_C_LANGUAGE_STANDARD = gnu11;
				GCC_NO_COMMON_BLOCKS = YES;
				GCC_WARN_64_TO_32_BIT_CONVERSION = YES;
				GCC_WARN_ABOUT_RETURN_TYPE = YES_ERROR;
				GCC_WARN_UNDECLARED_SELECTOR = YES;
				GCC_WARN_UNINITIALIZED_AUTOS = YES_AGGRESSIVE;
				GCC_WARN_UNUSED_FUNCTION = YES;
				GCC_WARN_UNUSED_VARIABLE = YES;
				IPHONEOS_DEPLOYMENT_TARGET = 16.2;
				MTL_ENABLE_DEBUG_INFO = NO;
				MTL_FAST_MATH = YES;
				SDKROOT = iphoneos;
				SWIFT_COMPILATION_MODE = wholemodule;
				SWIFT_OPTIMIZATION_LEVEL = "-O";
				VALIDATE_PRODUCT = YES;
			};
			name = "Release Dev";
		};
		7BBCE2EF29ACE58E004DFC31 /* Debug Dev */ = {
			isa = XCBuildConfiguration;
			baseConfigurationReference = 7BD68DAB29BB25A9008E3635 /* Dev.xcconfig */;
			buildSettings = {
				ASSETCATALOG_COMPILER_APPICON_NAME = AppIcon;
				ASSETCATALOG_COMPILER_GLOBAL_ACCENT_COLOR_NAME = AccentColor;
				CODE_SIGN_STYLE = Automatic;
				CURRENT_PROJECT_VERSION = 1;
				DEVELOPMENT_ASSET_PATHS = "\"BhagavadGita/Preview Content\"";
				DEVELOPMENT_TEAM = 9F7BXCAFA2;
				ENABLE_PREVIEWS = YES;
				GENERATE_INFOPLIST_FILE = YES;
				INFOPLIST_FILE = BhagavadGita/Info.plist;
				INFOPLIST_KEY_UIApplicationSceneManifest_Generation = YES;
				INFOPLIST_KEY_UIApplicationSupportsIndirectInputEvents = YES;
				INFOPLIST_KEY_UILaunchScreen_Generation = YES;
				INFOPLIST_KEY_UISupportedInterfaceOrientations_iPad = "UIInterfaceOrientationPortrait UIInterfaceOrientationPortraitUpsideDown UIInterfaceOrientationLandscapeLeft UIInterfaceOrientationLandscapeRight";
				INFOPLIST_KEY_UISupportedInterfaceOrientations_iPhone = "UIInterfaceOrientationPortrait UIInterfaceOrientationLandscapeLeft UIInterfaceOrientationLandscapeRight";
				LD_RUNPATH_SEARCH_PATHS = (
					"$(inherited)",
					"@executable_path/Frameworks",
				);
				MARKETING_VERSION = 1.0;
				PRODUCT_BUNDLE_IDENTIFIER = com.codewithkyo.BhagavadGita.dev;
				PRODUCT_NAME = "$(TARGET_NAME)";
				SWIFT_ACTIVE_COMPILATION_CONDITIONS = DEV;
				SWIFT_EMIT_LOC_STRINGS = YES;
				SWIFT_VERSION = 5.0;
				TARGETED_DEVICE_FAMILY = "1,2";
			};
			name = "Debug Dev";
		};
		7BBCE2F029ACE58E004DFC31 /* Release Dev */ = {
			isa = XCBuildConfiguration;
			baseConfigurationReference = 7BD68DAB29BB25A9008E3635 /* Dev.xcconfig */;
			buildSettings = {
				ASSETCATALOG_COMPILER_APPICON_NAME = AppIcon;
				ASSETCATALOG_COMPILER_GLOBAL_ACCENT_COLOR_NAME = AccentColor;
				CODE_SIGN_STYLE = Automatic;
				CURRENT_PROJECT_VERSION = 1;
				DEVELOPMENT_ASSET_PATHS = "\"BhagavadGita/Preview Content\"";
				DEVELOPMENT_TEAM = 9F7BXCAFA2;
				ENABLE_PREVIEWS = YES;
				GENERATE_INFOPLIST_FILE = YES;
				INFOPLIST_FILE = BhagavadGita/Info.plist;
				INFOPLIST_KEY_UIApplicationSceneManifest_Generation = YES;
				INFOPLIST_KEY_UIApplicationSupportsIndirectInputEvents = YES;
				INFOPLIST_KEY_UILaunchScreen_Generation = YES;
				INFOPLIST_KEY_UISupportedInterfaceOrientations_iPad = "UIInterfaceOrientationPortrait UIInterfaceOrientationPortraitUpsideDown UIInterfaceOrientationLandscapeLeft UIInterfaceOrientationLandscapeRight";
				INFOPLIST_KEY_UISupportedInterfaceOrientations_iPhone = "UIInterfaceOrientationPortrait UIInterfaceOrientationLandscapeLeft UIInterfaceOrientationLandscapeRight";
				LD_RUNPATH_SEARCH_PATHS = (
					"$(inherited)",
					"@executable_path/Frameworks",
				);
				MARKETING_VERSION = 1.0;
				PRODUCT_BUNDLE_IDENTIFIER = com.codewithkyo.BhagavadGita.dev;
				PRODUCT_NAME = "$(TARGET_NAME)";
				SWIFT_ACTIVE_COMPILATION_CONDITIONS = DEV;
				SWIFT_EMIT_LOC_STRINGS = YES;
				SWIFT_VERSION = 5.0;
				TARGETED_DEVICE_FAMILY = "1,2";
			};
			name = "Release Dev";
		};
		7BBCE2F229ACE58E004DFC31 /* Debug Dev */ = {
			isa = XCBuildConfiguration;
			buildSettings = {
				ALWAYS_EMBED_SWIFT_STANDARD_LIBRARIES = YES;
				BUNDLE_LOADER = "$(TEST_HOST)";
				CODE_SIGN_STYLE = Automatic;
				CURRENT_PROJECT_VERSION = 1;
				DEVELOPMENT_TEAM = 9F7BXCAFA2;
				GENERATE_INFOPLIST_FILE = YES;
				IPHONEOS_DEPLOYMENT_TARGET = 16.2;
				MARKETING_VERSION = 1.0;
				PRODUCT_BUNDLE_IDENTIFIER = com.codewithkyo.BhagavadGitaTests;
				PRODUCT_NAME = "$(TARGET_NAME)";
				SWIFT_EMIT_LOC_STRINGS = NO;
				SWIFT_VERSION = 5.0;
				TARGETED_DEVICE_FAMILY = "1,2";
				TEST_HOST = "$(BUILT_PRODUCTS_DIR)/BhagavadGita.app/$(BUNDLE_EXECUTABLE_FOLDER_PATH)/BhagavadGita";
			};
			name = "Debug Dev";
		};
		7BBCE2F329ACE58E004DFC31 /* Release Dev */ = {
			isa = XCBuildConfiguration;
			buildSettings = {
				ALWAYS_EMBED_SWIFT_STANDARD_LIBRARIES = YES;
				BUNDLE_LOADER = "$(TEST_HOST)";
				CODE_SIGN_STYLE = Automatic;
				CURRENT_PROJECT_VERSION = 1;
				DEVELOPMENT_TEAM = 9F7BXCAFA2;
				GENERATE_INFOPLIST_FILE = YES;
				IPHONEOS_DEPLOYMENT_TARGET = 16.2;
				MARKETING_VERSION = 1.0;
				PRODUCT_BUNDLE_IDENTIFIER = com.codewithkyo.BhagavadGitaTests;
				PRODUCT_NAME = "$(TARGET_NAME)";
				SWIFT_EMIT_LOC_STRINGS = NO;
				SWIFT_VERSION = 5.0;
				TARGETED_DEVICE_FAMILY = "1,2";
				TEST_HOST = "$(BUILT_PRODUCTS_DIR)/BhagavadGita.app/$(BUNDLE_EXECUTABLE_FOLDER_PATH)/BhagavadGita";
			};
			name = "Release Dev";
		};
		7BBCE2F529ACE58E004DFC31 /* Debug Dev */ = {
			isa = XCBuildConfiguration;
			buildSettings = {
				ALWAYS_EMBED_SWIFT_STANDARD_LIBRARIES = YES;
				CODE_SIGN_STYLE = Automatic;
				CURRENT_PROJECT_VERSION = 1;
				DEVELOPMENT_TEAM = 9F7BXCAFA2;
				GENERATE_INFOPLIST_FILE = YES;
				MARKETING_VERSION = 1.0;
				PRODUCT_BUNDLE_IDENTIFIER = com.codewithkyo.BhagavadGitaUITests;
				PRODUCT_NAME = "$(TARGET_NAME)";
				SWIFT_EMIT_LOC_STRINGS = NO;
				SWIFT_VERSION = 5.0;
				TARGETED_DEVICE_FAMILY = "1,2";
				TEST_TARGET_NAME = BhagavadGita;
			};
			name = "Debug Dev";
		};
		7BBCE2F629ACE58E004DFC31 /* Release Dev */ = {
			isa = XCBuildConfiguration;
			buildSettings = {
				ALWAYS_EMBED_SWIFT_STANDARD_LIBRARIES = YES;
				CODE_SIGN_STYLE = Automatic;
				CURRENT_PROJECT_VERSION = 1;
				DEVELOPMENT_TEAM = 9F7BXCAFA2;
				GENERATE_INFOPLIST_FILE = YES;
				MARKETING_VERSION = 1.0;
				PRODUCT_BUNDLE_IDENTIFIER = com.codewithkyo.BhagavadGitaUITests;
				PRODUCT_NAME = "$(TARGET_NAME)";
				SWIFT_EMIT_LOC_STRINGS = NO;
				SWIFT_VERSION = 5.0;
				TARGETED_DEVICE_FAMILY = "1,2";
				TEST_TARGET_NAME = BhagavadGita;
			};
			name = "Release Dev";
		};
		7BD68D9629BB192E008E3635 /* Debug PROD */ = {
			isa = XCBuildConfiguration;
			buildSettings = {
				ALWAYS_SEARCH_USER_PATHS = NO;
				CLANG_ANALYZER_NONNULL = YES;
				CLANG_ANALYZER_NUMBER_OBJECT_CONVERSION = YES_AGGRESSIVE;
				CLANG_CXX_LANGUAGE_STANDARD = "gnu++20";
				CLANG_ENABLE_MODULES = YES;
				CLANG_ENABLE_OBJC_ARC = YES;
				CLANG_ENABLE_OBJC_WEAK = YES;
				CLANG_WARN_BLOCK_CAPTURE_AUTORELEASING = YES;
				CLANG_WARN_BOOL_CONVERSION = YES;
				CLANG_WARN_COMMA = YES;
				CLANG_WARN_CONSTANT_CONVERSION = YES;
				CLANG_WARN_DEPRECATED_OBJC_IMPLEMENTATIONS = YES;
				CLANG_WARN_DIRECT_OBJC_ISA_USAGE = YES_ERROR;
				CLANG_WARN_DOCUMENTATION_COMMENTS = YES;
				CLANG_WARN_EMPTY_BODY = YES;
				CLANG_WARN_ENUM_CONVERSION = YES;
				CLANG_WARN_INFINITE_RECURSION = YES;
				CLANG_WARN_INT_CONVERSION = YES;
				CLANG_WARN_NON_LITERAL_NULL_CONVERSION = YES;
				CLANG_WARN_OBJC_IMPLICIT_RETAIN_SELF = YES;
				CLANG_WARN_OBJC_LITERAL_CONVERSION = YES;
				CLANG_WARN_OBJC_ROOT_CLASS = YES_ERROR;
				CLANG_WARN_QUOTED_INCLUDE_IN_FRAMEWORK_HEADER = YES;
				CLANG_WARN_RANGE_LOOP_ANALYSIS = YES;
				CLANG_WARN_STRICT_PROTOTYPES = YES;
				CLANG_WARN_SUSPICIOUS_MOVE = YES;
				CLANG_WARN_UNGUARDED_AVAILABILITY = YES_AGGRESSIVE;
				CLANG_WARN_UNREACHABLE_CODE = YES;
				CLANG_WARN__DUPLICATE_METHOD_MATCH = YES;
				COPY_PHASE_STRIP = NO;
				DEBUG_INFORMATION_FORMAT = dwarf;
				ENABLE_STRICT_OBJC_MSGSEND = YES;
				ENABLE_TESTABILITY = YES;
				GCC_C_LANGUAGE_STANDARD = gnu11;
				GCC_DYNAMIC_NO_PIC = NO;
				GCC_NO_COMMON_BLOCKS = YES;
				GCC_OPTIMIZATION_LEVEL = 0;
				GCC_PREPROCESSOR_DEFINITIONS = (
					"DEBUG=1",
					"$(inherited)",
				);
				GCC_WARN_64_TO_32_BIT_CONVERSION = YES;
				GCC_WARN_ABOUT_RETURN_TYPE = YES_ERROR;
				GCC_WARN_UNDECLARED_SELECTOR = YES;
				GCC_WARN_UNINITIALIZED_AUTOS = YES_AGGRESSIVE;
				GCC_WARN_UNUSED_FUNCTION = YES;
				GCC_WARN_UNUSED_VARIABLE = YES;
				IPHONEOS_DEPLOYMENT_TARGET = 16.2;
				MTL_ENABLE_DEBUG_INFO = INCLUDE_SOURCE;
				MTL_FAST_MATH = YES;
				ONLY_ACTIVE_ARCH = YES;
				SDKROOT = iphoneos;
				SWIFT_ACTIVE_COMPILATION_CONDITIONS = DEBUG;
				SWIFT_OPTIMIZATION_LEVEL = "-Onone";
			};
			name = "Debug PROD";
		};
		7BD68D9729BB192E008E3635 /* Debug PROD */ = {
			isa = XCBuildConfiguration;
			baseConfigurationReference = 7BD68DAE29BB2665008E3635 /* PROD.xcconfig */;
			buildSettings = {
				ASSETCATALOG_COMPILER_APPICON_NAME = AppIcon;
				ASSETCATALOG_COMPILER_GLOBAL_ACCENT_COLOR_NAME = AccentColor;
				CODE_SIGN_STYLE = Automatic;
				CURRENT_PROJECT_VERSION = 1;
				DEVELOPMENT_ASSET_PATHS = "\"BhagavadGita/Preview Content\"";
				DEVELOPMENT_TEAM = 9F7BXCAFA2;
				ENABLE_PREVIEWS = YES;
				GENERATE_INFOPLIST_FILE = YES;
				INFOPLIST_FILE = BhagavadGita/Info.plist;
				INFOPLIST_KEY_UIApplicationSceneManifest_Generation = YES;
				INFOPLIST_KEY_UIApplicationSupportsIndirectInputEvents = YES;
				INFOPLIST_KEY_UILaunchScreen_Generation = YES;
				INFOPLIST_KEY_UISupportedInterfaceOrientations_iPad = "UIInterfaceOrientationPortrait UIInterfaceOrientationPortraitUpsideDown UIInterfaceOrientationLandscapeLeft UIInterfaceOrientationLandscapeRight";
				INFOPLIST_KEY_UISupportedInterfaceOrientations_iPhone = "UIInterfaceOrientationPortrait UIInterfaceOrientationLandscapeLeft UIInterfaceOrientationLandscapeRight";
				LD_RUNPATH_SEARCH_PATHS = (
					"$(inherited)",
					"@executable_path/Frameworks",
				);
				MARKETING_VERSION = 1.0;
				PRODUCT_BUNDLE_IDENTIFIER = com.codewithkyo.BhagavadGita.prod;
				PRODUCT_NAME = "$(TARGET_NAME)";
				SWIFT_ACTIVE_COMPILATION_CONDITIONS = PROD;
				SWIFT_EMIT_LOC_STRINGS = YES;
				SWIFT_VERSION = 5.0;
				TARGETED_DEVICE_FAMILY = "1,2";
			};
			name = "Debug PROD";
		};
		7BD68D9829BB192E008E3635 /* Debug PROD */ = {
			isa = XCBuildConfiguration;
			buildSettings = {
				ALWAYS_EMBED_SWIFT_STANDARD_LIBRARIES = YES;
				BUNDLE_LOADER = "$(TEST_HOST)";
				CODE_SIGN_STYLE = Automatic;
				CURRENT_PROJECT_VERSION = 1;
				DEVELOPMENT_TEAM = 9F7BXCAFA2;
				GENERATE_INFOPLIST_FILE = YES;
				IPHONEOS_DEPLOYMENT_TARGET = 16.2;
				MARKETING_VERSION = 1.0;
				PRODUCT_BUNDLE_IDENTIFIER = com.codewithkyo.BhagavadGitaTests;
				PRODUCT_NAME = "$(TARGET_NAME)";
				SWIFT_EMIT_LOC_STRINGS = NO;
				SWIFT_VERSION = 5.0;
				TARGETED_DEVICE_FAMILY = "1,2";
				TEST_HOST = "$(BUILT_PRODUCTS_DIR)/BhagavadGita.app/$(BUNDLE_EXECUTABLE_FOLDER_PATH)/BhagavadGita";
			};
			name = "Debug PROD";
		};
		7BD68D9929BB192E008E3635 /* Debug PROD */ = {
			isa = XCBuildConfiguration;
			buildSettings = {
				ALWAYS_EMBED_SWIFT_STANDARD_LIBRARIES = YES;
				CODE_SIGN_STYLE = Automatic;
				CURRENT_PROJECT_VERSION = 1;
				DEVELOPMENT_TEAM = 9F7BXCAFA2;
				GENERATE_INFOPLIST_FILE = YES;
				MARKETING_VERSION = 1.0;
				PRODUCT_BUNDLE_IDENTIFIER = com.codewithkyo.BhagavadGitaUITests;
				PRODUCT_NAME = "$(TARGET_NAME)";
				SWIFT_EMIT_LOC_STRINGS = NO;
				SWIFT_VERSION = 5.0;
				TARGETED_DEVICE_FAMILY = "1,2";
				TEST_TARGET_NAME = BhagavadGita;
			};
			name = "Debug PROD";
		};
		7BD68D9A29BB194D008E3635 /* Debug QA */ = {
			isa = XCBuildConfiguration;
			buildSettings = {
				ALWAYS_SEARCH_USER_PATHS = NO;
				CLANG_ANALYZER_NONNULL = YES;
				CLANG_ANALYZER_NUMBER_OBJECT_CONVERSION = YES_AGGRESSIVE;
				CLANG_CXX_LANGUAGE_STANDARD = "gnu++20";
				CLANG_ENABLE_MODULES = YES;
				CLANG_ENABLE_OBJC_ARC = YES;
				CLANG_ENABLE_OBJC_WEAK = YES;
				CLANG_WARN_BLOCK_CAPTURE_AUTORELEASING = YES;
				CLANG_WARN_BOOL_CONVERSION = YES;
				CLANG_WARN_COMMA = YES;
				CLANG_WARN_CONSTANT_CONVERSION = YES;
				CLANG_WARN_DEPRECATED_OBJC_IMPLEMENTATIONS = YES;
				CLANG_WARN_DIRECT_OBJC_ISA_USAGE = YES_ERROR;
				CLANG_WARN_DOCUMENTATION_COMMENTS = YES;
				CLANG_WARN_EMPTY_BODY = YES;
				CLANG_WARN_ENUM_CONVERSION = YES;
				CLANG_WARN_INFINITE_RECURSION = YES;
				CLANG_WARN_INT_CONVERSION = YES;
				CLANG_WARN_NON_LITERAL_NULL_CONVERSION = YES;
				CLANG_WARN_OBJC_IMPLICIT_RETAIN_SELF = YES;
				CLANG_WARN_OBJC_LITERAL_CONVERSION = YES;
				CLANG_WARN_OBJC_ROOT_CLASS = YES_ERROR;
				CLANG_WARN_QUOTED_INCLUDE_IN_FRAMEWORK_HEADER = YES;
				CLANG_WARN_RANGE_LOOP_ANALYSIS = YES;
				CLANG_WARN_STRICT_PROTOTYPES = YES;
				CLANG_WARN_SUSPICIOUS_MOVE = YES;
				CLANG_WARN_UNGUARDED_AVAILABILITY = YES_AGGRESSIVE;
				CLANG_WARN_UNREACHABLE_CODE = YES;
				CLANG_WARN__DUPLICATE_METHOD_MATCH = YES;
				COPY_PHASE_STRIP = NO;
				DEBUG_INFORMATION_FORMAT = dwarf;
				ENABLE_STRICT_OBJC_MSGSEND = YES;
				ENABLE_TESTABILITY = YES;
				GCC_C_LANGUAGE_STANDARD = gnu11;
				GCC_DYNAMIC_NO_PIC = NO;
				GCC_NO_COMMON_BLOCKS = YES;
				GCC_OPTIMIZATION_LEVEL = 0;
				GCC_PREPROCESSOR_DEFINITIONS = (
					"DEBUG=1",
					"$(inherited)",
				);
				GCC_WARN_64_TO_32_BIT_CONVERSION = YES;
				GCC_WARN_ABOUT_RETURN_TYPE = YES_ERROR;
				GCC_WARN_UNDECLARED_SELECTOR = YES;
				GCC_WARN_UNINITIALIZED_AUTOS = YES_AGGRESSIVE;
				GCC_WARN_UNUSED_FUNCTION = YES;
				GCC_WARN_UNUSED_VARIABLE = YES;
				IPHONEOS_DEPLOYMENT_TARGET = 16.2;
				MTL_ENABLE_DEBUG_INFO = INCLUDE_SOURCE;
				MTL_FAST_MATH = YES;
				ONLY_ACTIVE_ARCH = YES;
				SDKROOT = iphoneos;
				SWIFT_ACTIVE_COMPILATION_CONDITIONS = DEBUG;
				SWIFT_OPTIMIZATION_LEVEL = "-Onone";
			};
			name = "Debug QA";
		};
		7BD68D9B29BB194D008E3635 /* Debug QA */ = {
			isa = XCBuildConfiguration;
			baseConfigurationReference = 7BD68DAD29BB25F5008E3635 /* QA.xcconfig */;
			buildSettings = {
				ASSETCATALOG_COMPILER_APPICON_NAME = AppIcon;
				ASSETCATALOG_COMPILER_GLOBAL_ACCENT_COLOR_NAME = AccentColor;
				CODE_SIGN_STYLE = Automatic;
				CURRENT_PROJECT_VERSION = 1;
				DEVELOPMENT_ASSET_PATHS = "\"BhagavadGita/Preview Content\"";
				DEVELOPMENT_TEAM = 9F7BXCAFA2;
				ENABLE_PREVIEWS = YES;
				GENERATE_INFOPLIST_FILE = YES;
				INFOPLIST_FILE = BhagavadGita/Info.plist;
				INFOPLIST_KEY_UIApplicationSceneManifest_Generation = YES;
				INFOPLIST_KEY_UIApplicationSupportsIndirectInputEvents = YES;
				INFOPLIST_KEY_UILaunchScreen_Generation = YES;
				INFOPLIST_KEY_UISupportedInterfaceOrientations_iPad = "UIInterfaceOrientationPortrait UIInterfaceOrientationPortraitUpsideDown UIInterfaceOrientationLandscapeLeft UIInterfaceOrientationLandscapeRight";
				INFOPLIST_KEY_UISupportedInterfaceOrientations_iPhone = "UIInterfaceOrientationPortrait UIInterfaceOrientationLandscapeLeft UIInterfaceOrientationLandscapeRight";
				LD_RUNPATH_SEARCH_PATHS = (
					"$(inherited)",
					"@executable_path/Frameworks",
				);
				MARKETING_VERSION = 1.0;
				PRODUCT_BUNDLE_IDENTIFIER = com.codewithkyo.BhagavadGita.qa;
				PRODUCT_NAME = "$(TARGET_NAME)";
				SWIFT_ACTIVE_COMPILATION_CONDITIONS = QA;
				SWIFT_EMIT_LOC_STRINGS = YES;
				SWIFT_VERSION = 5.0;
				TARGETED_DEVICE_FAMILY = "1,2";
			};
			name = "Debug QA";
		};
		7BD68D9C29BB194D008E3635 /* Debug QA */ = {
			isa = XCBuildConfiguration;
			buildSettings = {
				ALWAYS_EMBED_SWIFT_STANDARD_LIBRARIES = YES;
				BUNDLE_LOADER = "$(TEST_HOST)";
				CODE_SIGN_STYLE = Automatic;
				CURRENT_PROJECT_VERSION = 1;
				DEVELOPMENT_TEAM = 9F7BXCAFA2;
				GENERATE_INFOPLIST_FILE = YES;
				IPHONEOS_DEPLOYMENT_TARGET = 16.2;
				MARKETING_VERSION = 1.0;
				PRODUCT_BUNDLE_IDENTIFIER = com.codewithkyo.BhagavadGitaTests;
				PRODUCT_NAME = "$(TARGET_NAME)";
				SWIFT_EMIT_LOC_STRINGS = NO;
				SWIFT_VERSION = 5.0;
				TARGETED_DEVICE_FAMILY = "1,2";
				TEST_HOST = "$(BUILT_PRODUCTS_DIR)/BhagavadGita.app/$(BUNDLE_EXECUTABLE_FOLDER_PATH)/BhagavadGita";
			};
			name = "Debug QA";
		};
		7BD68D9D29BB194D008E3635 /* Debug QA */ = {
			isa = XCBuildConfiguration;
			buildSettings = {
				ALWAYS_EMBED_SWIFT_STANDARD_LIBRARIES = YES;
				CODE_SIGN_STYLE = Automatic;
				CURRENT_PROJECT_VERSION = 1;
				DEVELOPMENT_TEAM = 9F7BXCAFA2;
				GENERATE_INFOPLIST_FILE = YES;
				MARKETING_VERSION = 1.0;
				PRODUCT_BUNDLE_IDENTIFIER = com.codewithkyo.BhagavadGitaUITests;
				PRODUCT_NAME = "$(TARGET_NAME)";
				SWIFT_EMIT_LOC_STRINGS = NO;
				SWIFT_VERSION = 5.0;
				TARGETED_DEVICE_FAMILY = "1,2";
				TEST_TARGET_NAME = BhagavadGita;
			};
			name = "Debug QA";
		};
		7BD68DA229BB199C008E3635 /* Release PROD */ = {
			isa = XCBuildConfiguration;
			buildSettings = {
				ALWAYS_SEARCH_USER_PATHS = NO;
				CLANG_ANALYZER_NONNULL = YES;
				CLANG_ANALYZER_NUMBER_OBJECT_CONVERSION = YES_AGGRESSIVE;
				CLANG_CXX_LANGUAGE_STANDARD = "gnu++20";
				CLANG_ENABLE_MODULES = YES;
				CLANG_ENABLE_OBJC_ARC = YES;
				CLANG_ENABLE_OBJC_WEAK = YES;
				CLANG_WARN_BLOCK_CAPTURE_AUTORELEASING = YES;
				CLANG_WARN_BOOL_CONVERSION = YES;
				CLANG_WARN_COMMA = YES;
				CLANG_WARN_CONSTANT_CONVERSION = YES;
				CLANG_WARN_DEPRECATED_OBJC_IMPLEMENTATIONS = YES;
				CLANG_WARN_DIRECT_OBJC_ISA_USAGE = YES_ERROR;
				CLANG_WARN_DOCUMENTATION_COMMENTS = YES;
				CLANG_WARN_EMPTY_BODY = YES;
				CLANG_WARN_ENUM_CONVERSION = YES;
				CLANG_WARN_INFINITE_RECURSION = YES;
				CLANG_WARN_INT_CONVERSION = YES;
				CLANG_WARN_NON_LITERAL_NULL_CONVERSION = YES;
				CLANG_WARN_OBJC_IMPLICIT_RETAIN_SELF = YES;
				CLANG_WARN_OBJC_LITERAL_CONVERSION = YES;
				CLANG_WARN_OBJC_ROOT_CLASS = YES_ERROR;
				CLANG_WARN_QUOTED_INCLUDE_IN_FRAMEWORK_HEADER = YES;
				CLANG_WARN_RANGE_LOOP_ANALYSIS = YES;
				CLANG_WARN_STRICT_PROTOTYPES = YES;
				CLANG_WARN_SUSPICIOUS_MOVE = YES;
				CLANG_WARN_UNGUARDED_AVAILABILITY = YES_AGGRESSIVE;
				CLANG_WARN_UNREACHABLE_CODE = YES;
				CLANG_WARN__DUPLICATE_METHOD_MATCH = YES;
				COPY_PHASE_STRIP = NO;
				DEBUG_INFORMATION_FORMAT = "dwarf-with-dsym";
				ENABLE_NS_ASSERTIONS = NO;
				ENABLE_STRICT_OBJC_MSGSEND = YES;
				GCC_C_LANGUAGE_STANDARD = gnu11;
				GCC_NO_COMMON_BLOCKS = YES;
				GCC_WARN_64_TO_32_BIT_CONVERSION = YES;
				GCC_WARN_ABOUT_RETURN_TYPE = YES_ERROR;
				GCC_WARN_UNDECLARED_SELECTOR = YES;
				GCC_WARN_UNINITIALIZED_AUTOS = YES_AGGRESSIVE;
				GCC_WARN_UNUSED_FUNCTION = YES;
				GCC_WARN_UNUSED_VARIABLE = YES;
				IPHONEOS_DEPLOYMENT_TARGET = 16.2;
				MTL_ENABLE_DEBUG_INFO = NO;
				MTL_FAST_MATH = YES;
				SDKROOT = iphoneos;
				SWIFT_COMPILATION_MODE = wholemodule;
				SWIFT_OPTIMIZATION_LEVEL = "-O";
				VALIDATE_PRODUCT = YES;
			};
			name = "Release PROD";
		};
		7BD68DA329BB199C008E3635 /* Release PROD */ = {
			isa = XCBuildConfiguration;
			baseConfigurationReference = 7BD68DAE29BB2665008E3635 /* PROD.xcconfig */;
			buildSettings = {
				ASSETCATALOG_COMPILER_APPICON_NAME = AppIcon;
				ASSETCATALOG_COMPILER_GLOBAL_ACCENT_COLOR_NAME = AccentColor;
				CODE_SIGN_STYLE = Automatic;
				CURRENT_PROJECT_VERSION = 1;
				DEVELOPMENT_ASSET_PATHS = "\"BhagavadGita/Preview Content\"";
				DEVELOPMENT_TEAM = 9F7BXCAFA2;
				ENABLE_PREVIEWS = YES;
				GENERATE_INFOPLIST_FILE = YES;
				INFOPLIST_FILE = BhagavadGita/Info.plist;
				INFOPLIST_KEY_UIApplicationSceneManifest_Generation = YES;
				INFOPLIST_KEY_UIApplicationSupportsIndirectInputEvents = YES;
				INFOPLIST_KEY_UILaunchScreen_Generation = YES;
				INFOPLIST_KEY_UISupportedInterfaceOrientations_iPad = "UIInterfaceOrientationPortrait UIInterfaceOrientationPortraitUpsideDown UIInterfaceOrientationLandscapeLeft UIInterfaceOrientationLandscapeRight";
				INFOPLIST_KEY_UISupportedInterfaceOrientations_iPhone = "UIInterfaceOrientationPortrait UIInterfaceOrientationLandscapeLeft UIInterfaceOrientationLandscapeRight";
				LD_RUNPATH_SEARCH_PATHS = (
					"$(inherited)",
					"@executable_path/Frameworks",
				);
				MARKETING_VERSION = 1.0;
				PRODUCT_BUNDLE_IDENTIFIER = com.codewithkyo.BhagavadGita.prod;
				PRODUCT_NAME = "$(TARGET_NAME)";
				SWIFT_ACTIVE_COMPILATION_CONDITIONS = PROD;
				SWIFT_EMIT_LOC_STRINGS = YES;
				SWIFT_VERSION = 5.0;
				TARGETED_DEVICE_FAMILY = "1,2";
			};
			name = "Release PROD";
		};
		7BD68DA429BB199C008E3635 /* Release PROD */ = {
			isa = XCBuildConfiguration;
			buildSettings = {
				ALWAYS_EMBED_SWIFT_STANDARD_LIBRARIES = YES;
				BUNDLE_LOADER = "$(TEST_HOST)";
				CODE_SIGN_STYLE = Automatic;
				CURRENT_PROJECT_VERSION = 1;
				DEVELOPMENT_TEAM = 9F7BXCAFA2;
				GENERATE_INFOPLIST_FILE = YES;
				IPHONEOS_DEPLOYMENT_TARGET = 16.2;
				MARKETING_VERSION = 1.0;
				PRODUCT_BUNDLE_IDENTIFIER = com.codewithkyo.BhagavadGitaTests;
				PRODUCT_NAME = "$(TARGET_NAME)";
				SWIFT_EMIT_LOC_STRINGS = NO;
				SWIFT_VERSION = 5.0;
				TARGETED_DEVICE_FAMILY = "1,2";
				TEST_HOST = "$(BUILT_PRODUCTS_DIR)/BhagavadGita.app/$(BUNDLE_EXECUTABLE_FOLDER_PATH)/BhagavadGita";
			};
			name = "Release PROD";
		};
		7BD68DA529BB199C008E3635 /* Release PROD */ = {
			isa = XCBuildConfiguration;
			buildSettings = {
				ALWAYS_EMBED_SWIFT_STANDARD_LIBRARIES = YES;
				CODE_SIGN_STYLE = Automatic;
				CURRENT_PROJECT_VERSION = 1;
				DEVELOPMENT_TEAM = 9F7BXCAFA2;
				GENERATE_INFOPLIST_FILE = YES;
				MARKETING_VERSION = 1.0;
				PRODUCT_BUNDLE_IDENTIFIER = com.codewithkyo.BhagavadGitaUITests;
				PRODUCT_NAME = "$(TARGET_NAME)";
				SWIFT_EMIT_LOC_STRINGS = NO;
				SWIFT_VERSION = 5.0;
				TARGETED_DEVICE_FAMILY = "1,2";
				TEST_TARGET_NAME = BhagavadGita;
			};
			name = "Release PROD";
		};
		7BD68DA629BB19AE008E3635 /* Release QA */ = {
			isa = XCBuildConfiguration;
			buildSettings = {
				ALWAYS_SEARCH_USER_PATHS = NO;
				CLANG_ANALYZER_NONNULL = YES;
				CLANG_ANALYZER_NUMBER_OBJECT_CONVERSION = YES_AGGRESSIVE;
				CLANG_CXX_LANGUAGE_STANDARD = "gnu++20";
				CLANG_ENABLE_MODULES = YES;
				CLANG_ENABLE_OBJC_ARC = YES;
				CLANG_ENABLE_OBJC_WEAK = YES;
				CLANG_WARN_BLOCK_CAPTURE_AUTORELEASING = YES;
				CLANG_WARN_BOOL_CONVERSION = YES;
				CLANG_WARN_COMMA = YES;
				CLANG_WARN_CONSTANT_CONVERSION = YES;
				CLANG_WARN_DEPRECATED_OBJC_IMPLEMENTATIONS = YES;
				CLANG_WARN_DIRECT_OBJC_ISA_USAGE = YES_ERROR;
				CLANG_WARN_DOCUMENTATION_COMMENTS = YES;
				CLANG_WARN_EMPTY_BODY = YES;
				CLANG_WARN_ENUM_CONVERSION = YES;
				CLANG_WARN_INFINITE_RECURSION = YES;
				CLANG_WARN_INT_CONVERSION = YES;
				CLANG_WARN_NON_LITERAL_NULL_CONVERSION = YES;
				CLANG_WARN_OBJC_IMPLICIT_RETAIN_SELF = YES;
				CLANG_WARN_OBJC_LITERAL_CONVERSION = YES;
				CLANG_WARN_OBJC_ROOT_CLASS = YES_ERROR;
				CLANG_WARN_QUOTED_INCLUDE_IN_FRAMEWORK_HEADER = YES;
				CLANG_WARN_RANGE_LOOP_ANALYSIS = YES;
				CLANG_WARN_STRICT_PROTOTYPES = YES;
				CLANG_WARN_SUSPICIOUS_MOVE = YES;
				CLANG_WARN_UNGUARDED_AVAILABILITY = YES_AGGRESSIVE;
				CLANG_WARN_UNREACHABLE_CODE = YES;
				CLANG_WARN__DUPLICATE_METHOD_MATCH = YES;
				COPY_PHASE_STRIP = NO;
				DEBUG_INFORMATION_FORMAT = "dwarf-with-dsym";
				ENABLE_NS_ASSERTIONS = NO;
				ENABLE_STRICT_OBJC_MSGSEND = YES;
				GCC_C_LANGUAGE_STANDARD = gnu11;
				GCC_NO_COMMON_BLOCKS = YES;
				GCC_WARN_64_TO_32_BIT_CONVERSION = YES;
				GCC_WARN_ABOUT_RETURN_TYPE = YES_ERROR;
				GCC_WARN_UNDECLARED_SELECTOR = YES;
				GCC_WARN_UNINITIALIZED_AUTOS = YES_AGGRESSIVE;
				GCC_WARN_UNUSED_FUNCTION = YES;
				GCC_WARN_UNUSED_VARIABLE = YES;
				IPHONEOS_DEPLOYMENT_TARGET = 16.2;
				MTL_ENABLE_DEBUG_INFO = NO;
				MTL_FAST_MATH = YES;
				SDKROOT = iphoneos;
				SWIFT_COMPILATION_MODE = wholemodule;
				SWIFT_OPTIMIZATION_LEVEL = "-O";
				VALIDATE_PRODUCT = YES;
			};
			name = "Release QA";
		};
		7BD68DA729BB19AE008E3635 /* Release QA */ = {
			isa = XCBuildConfiguration;
			baseConfigurationReference = 7BD68DAD29BB25F5008E3635 /* QA.xcconfig */;
			buildSettings = {
				ASSETCATALOG_COMPILER_APPICON_NAME = AppIcon;
				ASSETCATALOG_COMPILER_GLOBAL_ACCENT_COLOR_NAME = AccentColor;
				CODE_SIGN_STYLE = Automatic;
				CURRENT_PROJECT_VERSION = 1;
				DEVELOPMENT_ASSET_PATHS = "\"BhagavadGita/Preview Content\"";
				DEVELOPMENT_TEAM = 9F7BXCAFA2;
				ENABLE_PREVIEWS = YES;
				GENERATE_INFOPLIST_FILE = YES;
				INFOPLIST_FILE = BhagavadGita/Info.plist;
				INFOPLIST_KEY_UIApplicationSceneManifest_Generation = YES;
				INFOPLIST_KEY_UIApplicationSupportsIndirectInputEvents = YES;
				INFOPLIST_KEY_UILaunchScreen_Generation = YES;
				INFOPLIST_KEY_UISupportedInterfaceOrientations_iPad = "UIInterfaceOrientationPortrait UIInterfaceOrientationPortraitUpsideDown UIInterfaceOrientationLandscapeLeft UIInterfaceOrientationLandscapeRight";
				INFOPLIST_KEY_UISupportedInterfaceOrientations_iPhone = "UIInterfaceOrientationPortrait UIInterfaceOrientationLandscapeLeft UIInterfaceOrientationLandscapeRight";
				LD_RUNPATH_SEARCH_PATHS = (
					"$(inherited)",
					"@executable_path/Frameworks",
				);
				MARKETING_VERSION = 1.0;
				PRODUCT_BUNDLE_IDENTIFIER = com.codewithkyo.BhagavadGita.qa;
				PRODUCT_NAME = "$(TARGET_NAME)";
				SWIFT_ACTIVE_COMPILATION_CONDITIONS = QA;
				SWIFT_EMIT_LOC_STRINGS = YES;
				SWIFT_VERSION = 5.0;
				TARGETED_DEVICE_FAMILY = "1,2";
			};
			name = "Release QA";
		};
		7BD68DA829BB19AE008E3635 /* Release QA */ = {
			isa = XCBuildConfiguration;
			buildSettings = {
				ALWAYS_EMBED_SWIFT_STANDARD_LIBRARIES = YES;
				BUNDLE_LOADER = "$(TEST_HOST)";
				CODE_SIGN_STYLE = Automatic;
				CURRENT_PROJECT_VERSION = 1;
				DEVELOPMENT_TEAM = 9F7BXCAFA2;
				GENERATE_INFOPLIST_FILE = YES;
				IPHONEOS_DEPLOYMENT_TARGET = 16.2;
				MARKETING_VERSION = 1.0;
				PRODUCT_BUNDLE_IDENTIFIER = com.codewithkyo.BhagavadGitaTests;
				PRODUCT_NAME = "$(TARGET_NAME)";
				SWIFT_EMIT_LOC_STRINGS = NO;
				SWIFT_VERSION = 5.0;
				TARGETED_DEVICE_FAMILY = "1,2";
				TEST_HOST = "$(BUILT_PRODUCTS_DIR)/BhagavadGita.app/$(BUNDLE_EXECUTABLE_FOLDER_PATH)/BhagavadGita";
			};
			name = "Release QA";
		};
		7BD68DA929BB19AE008E3635 /* Release QA */ = {
			isa = XCBuildConfiguration;
			buildSettings = {
				ALWAYS_EMBED_SWIFT_STANDARD_LIBRARIES = YES;
				CODE_SIGN_STYLE = Automatic;
				CURRENT_PROJECT_VERSION = 1;
				DEVELOPMENT_TEAM = 9F7BXCAFA2;
				GENERATE_INFOPLIST_FILE = YES;
				MARKETING_VERSION = 1.0;
				PRODUCT_BUNDLE_IDENTIFIER = com.codewithkyo.BhagavadGitaUITests;
				PRODUCT_NAME = "$(TARGET_NAME)";
				SWIFT_EMIT_LOC_STRINGS = NO;
				SWIFT_VERSION = 5.0;
				TARGETED_DEVICE_FAMILY = "1,2";
				TEST_TARGET_NAME = BhagavadGita;
			};
			name = "Release QA";
		};
/* End XCBuildConfiguration section */

/* Begin XCConfigurationList section */
		7BBCE2C029ACE588004DFC31 /* Build configuration list for PBXProject "BhagavadGita" */ = {
			isa = XCConfigurationList;
			buildConfigurations = (
				7BBCE2EC29ACE58E004DFC31 /* Debug Dev */,
				7BD68D9629BB192E008E3635 /* Debug PROD */,
				7BD68D9A29BB194D008E3635 /* Debug QA */,
				7BBCE2ED29ACE58E004DFC31 /* Release Dev */,
				7BD68DA229BB199C008E3635 /* Release PROD */,
				7BD68DA629BB19AE008E3635 /* Release QA */,
			);
			defaultConfigurationIsVisible = 0;
			defaultConfigurationName = "Release Dev";
		};
		7BBCE2EE29ACE58E004DFC31 /* Build configuration list for PBXNativeTarget "BhagavadGita" */ = {
			isa = XCConfigurationList;
			buildConfigurations = (
				7BBCE2EF29ACE58E004DFC31 /* Debug Dev */,
				7BD68D9729BB192E008E3635 /* Debug PROD */,
				7BD68D9B29BB194D008E3635 /* Debug QA */,
				7BBCE2F029ACE58E004DFC31 /* Release Dev */,
				7BD68DA329BB199C008E3635 /* Release PROD */,
				7BD68DA729BB19AE008E3635 /* Release QA */,
			);
			defaultConfigurationIsVisible = 0;
			defaultConfigurationName = "Release Dev";
		};
		7BBCE2F129ACE58E004DFC31 /* Build configuration list for PBXNativeTarget "BhagavadGitaTests" */ = {
			isa = XCConfigurationList;
			buildConfigurations = (
				7BBCE2F229ACE58E004DFC31 /* Debug Dev */,
				7BD68D9829BB192E008E3635 /* Debug PROD */,
				7BD68D9C29BB194D008E3635 /* Debug QA */,
				7BBCE2F329ACE58E004DFC31 /* Release Dev */,
				7BD68DA429BB199C008E3635 /* Release PROD */,
				7BD68DA829BB19AE008E3635 /* Release QA */,
			);
			defaultConfigurationIsVisible = 0;
			defaultConfigurationName = "Release Dev";
		};
		7BBCE2F429ACE58E004DFC31 /* Build configuration list for PBXNativeTarget "BhagavadGitaUITests" */ = {
			isa = XCConfigurationList;
			buildConfigurations = (
				7BBCE2F529ACE58E004DFC31 /* Debug Dev */,
				7BD68D9929BB192E008E3635 /* Debug PROD */,
				7BD68D9D29BB194D008E3635 /* Debug QA */,
				7BBCE2F629ACE58E004DFC31 /* Release Dev */,
				7BD68DA529BB199C008E3635 /* Release PROD */,
				7BD68DA929BB19AE008E3635 /* Release QA */,
			);
			defaultConfigurationIsVisible = 0;
			defaultConfigurationName = "Release Dev";
		};
/* End XCConfigurationList section */

/* Begin XCRemoteSwiftPackageReference section */
		7B85C0B429AE41D4001D019B /* XCRemoteSwiftPackageReference "SwiftyBeaver" */ = {
			isa = XCRemoteSwiftPackageReference;
			repositoryURL = "https://github.com/SwiftyBeaver/SwiftyBeaver";
			requirement = {
				kind = upToNextMajorVersion;
				minimumVersion = 1.0.0;
			};
		};
		7B85C0BC29B0B188001D019B /* XCRemoteSwiftPackageReference "Swinject" */ = {
			isa = XCRemoteSwiftPackageReference;
			repositoryURL = "https://github.com/Swinject/Swinject";
			requirement = {
				kind = upToNextMajorVersion;
				minimumVersion = 2.0.0;
			};
		};
		7BBCE2F729AE2F66004DFC31 /* XCRemoteSwiftPackageReference "BGUtility" */ = {
			isa = XCRemoteSwiftPackageReference;
			repositoryURL = "https://github.com/YamamotoDesu/BGUtility.git";
			requirement = {
				kind = upToNextMajorVersion;
				minimumVersion = 1.0.0;
			};
		};
/* End XCRemoteSwiftPackageReference section */

/* Begin XCSwiftPackageProductDependency section */
		7B85C0B529AE41D5001D019B /* SwiftyBeaver */ = {
			isa = XCSwiftPackageProductDependency;
			package = 7B85C0B429AE41D4001D019B /* XCRemoteSwiftPackageReference "SwiftyBeaver" */;
			productName = SwiftyBeaver;
		};
		7B85C0BD29B0B188001D019B /* Swinject */ = {
			isa = XCSwiftPackageProductDependency;
			package = 7B85C0BC29B0B188001D019B /* XCRemoteSwiftPackageReference "Swinject" */;
			productName = Swinject;
		};
		7BBCE2F829AE2F66004DFC31 /* BGUtility */ = {
			isa = XCSwiftPackageProductDependency;
			package = 7BBCE2F729AE2F66004DFC31 /* XCRemoteSwiftPackageReference "BGUtility" */;
			productName = BGUtility;
		};
/* End XCSwiftPackageProductDependency section */

/* Begin XCVersionGroup section */
		7BBCE2D329ACE58D004DFC31 /* BhagavadGita.xcdatamodeld */ = {
			isa = XCVersionGroup;
			children = (
				7BBCE2D429ACE58D004DFC31 /* BhagavadGita.xcdatamodel */,
			);
			currentVersion = 7BBCE2D429ACE58D004DFC31 /* BhagavadGita.xcdatamodel */;
			path = BhagavadGita.xcdatamodeld;
			sourceTree = "<group>";
			versionGroupType = wrapper.xcdatamodel;
		};
/* End XCVersionGroup section */
	};
	rootObject = 7BBCE2BD29ACE588004DFC31 /* Project object */;
}
